
Microsoft Visual Studio Solution File, Format Version 12.00
# Visual Studio 15
VisualStudioVersion = 15.0.26730.3
MinimumVisualStudioVersion = 10.0.40219.1
Project("{FAE04EC0-301F-11D3-BF4B-00C04F79EFBC}") = "Vexease", "Vexease\Vexease.csproj", "{A36892E7-0EB7-44E3-A031-99CF522D30ED}"
EndProject
Global
	GlobalSection(SolutionConfigurationPlatforms) = preSolution
		Debug|Any CPU = Debug|Any CPU
		Release|Any CPU = Release|Any CPU
	EndGlobalSection
	GlobalSection(ProjectConfigurationPlatforms) = postSolution
		{A36892E7-0EB7-44E3-A031-99CF522D30ED}.Debug|Any CPU.ActiveCfg = Debug|Any CPU
		{A36892E7-0EB7-44E3-A031-99CF522D30ED}.Debug|Any CPU.Build.0 = Debug|Any CPU
		{A36892E7-0EB7-44E3-A031-99CF522D30ED}.Release|Any CPU.ActiveCfg = Release|Any CPU
		{A36892E7-0EB7-44E3-A031-99CF522D30ED}.Release|Any CPU.Build.0 = Release|Any CPU
	EndGlobalSection
	GlobalSection(SolutionProperties) = preSolution
		HideSolutionNode = FALSE
	EndGlobalSection
	GlobalSection(ExtensibilityGlobals) = postSolution
		SolutionGuid = {F65F4736-4D29-4E9F-A237-FB563A3090EA}
	EndGlobalSection
EndGlobal
