
Microsoft Visual Studio Solution File, Format Version 12.00
# Visual Studio 15
VisualStudioVersion = 15.0.27004.2002
MinimumVisualStudioVersion = 10.0.40219.1
Project("{FAE04EC0-301F-11D3-BF4B-00C04F79EFBC}") = "Vexease", "Vexease\Vexease.csproj", "{A36892E7-0EB7-44E3-A031-99CF522D30ED}"
EndProject
Project("{FAE04EC0-301F-11D3-BF4B-00C04F79EFBC}") = "SuperVexease", "SuperVexease\SuperVexease.csproj", "{9567FA7D-6F3F-4DBD-9361-BFA7B7E9EF04}"
EndProject
Project("{2150E333-8FDC-42A3-9474-1A3956D46DE8}") = "Solution Items", "Solution Items", "{C10DE164-A73C-4920-A638-D77DBB297A25}"
	ProjectSection(SolutionItems) = preProject
		.gitignore = .gitignore
		CODE_OF_CONDUCT.md = CODE_OF_CONDUCT.md
		CONTRIBUTING.md = CONTRIBUTING.md
		LICENSE = LICENSE
		README.md = README.md
	EndProjectSection
EndProject
Global
	GlobalSection(SolutionConfigurationPlatforms) = preSolution
		Debug|Any CPU = Debug|Any CPU
		Release|Any CPU = Release|Any CPU
	EndGlobalSection
	GlobalSection(ProjectConfigurationPlatforms) = postSolution
		{A36892E7-0EB7-44E3-A031-99CF522D30ED}.Debug|Any CPU.ActiveCfg = Debug|Any CPU
		{A36892E7-0EB7-44E3-A031-99CF522D30ED}.Debug|Any CPU.Build.0 = Debug|Any CPU
		{A36892E7-0EB7-44E3-A031-99CF522D30ED}.Release|Any CPU.ActiveCfg = Release|Any CPU
		{A36892E7-0EB7-44E3-A031-99CF522D30ED}.Release|Any CPU.Build.0 = Release|Any CPU
		{9567FA7D-6F3F-4DBD-9361-BFA7B7E9EF04}.Debug|Any CPU.ActiveCfg = Debug|Any CPU
		{9567FA7D-6F3F-4DBD-9361-BFA7B7E9EF04}.Debug|Any CPU.Build.0 = Debug|Any CPU
		{9567FA7D-6F3F-4DBD-9361-BFA7B7E9EF04}.Release|Any CPU.ActiveCfg = Release|Any CPU
		{9567FA7D-6F3F-4DBD-9361-BFA7B7E9EF04}.Release|Any CPU.Build.0 = Release|Any CPU
	EndGlobalSection
	GlobalSection(SolutionProperties) = preSolution
		HideSolutionNode = FALSE
	EndGlobalSection
	GlobalSection(ExtensibilityGlobals) = postSolution
		SolutionGuid = {F65F4736-4D29-4E9F-A237-FB563A3090EA}
	EndGlobalSection
EndGlobal
